// !$*UTF8*$!
{
	archiveVersion = 1;
	classes = {
	};
	objectVersion = 46;
	objects = {

/* Begin PBXBuildFile section */
		7A883D84BF88015490A1B2AF /* Pods_DribbbleKitTests.framework in Frameworks */ = {isa = PBXBuildFile; fileRef = 975C1D8C5BE3EC692A1F1C8C /* Pods_DribbbleKitTests.framework */; };
		D91C92141EB19939007E6933 /* ListShotLikesTests.swift in Sources */ = {isa = PBXBuildFile; fileRef = D91C92131EB19939007E6933 /* ListShotLikesTests.swift */; };
		D91C92171EB199AA007E6933 /* ListLikeData.json in Resources */ = {isa = PBXBuildFile; fileRef = D91C92161EB199AA007E6933 /* ListLikeData.json */; };
		D945F83F1EA732690059640E /* User.swift in Sources */ = {isa = PBXBuildFile; fileRef = D945F83E1EA732690059640E /* User.swift */; };
		D945F8411EA732730059640E /* GetUser.swift in Sources */ = {isa = PBXBuildFile; fileRef = D945F8401EA732730059640E /* GetUser.swift */; };
		D945F84A1EA73B770059640E /* Bucket.swift in Sources */ = {isa = PBXBuildFile; fileRef = D945F8451EA73B770059640E /* Bucket.swift */; };
		D945F84B1EA73B770059640E /* CreateBucket.swift in Sources */ = {isa = PBXBuildFile; fileRef = D945F8461EA73B770059640E /* CreateBucket.swift */; };
		D945F84C1EA73B770059640E /* DeleteBucket.swift in Sources */ = {isa = PBXBuildFile; fileRef = D945F8471EA73B770059640E /* DeleteBucket.swift */; };
		D945F84D1EA73B770059640E /* GetBucket.swift in Sources */ = {isa = PBXBuildFile; fileRef = D945F8481EA73B770059640E /* GetBucket.swift */; };
		D945F84E1EA73B770059640E /* UpdateBucket.swift in Sources */ = {isa = PBXBuildFile; fileRef = D945F8491EA73B770059640E /* UpdateBucket.swift */; };
		D945F8551EA7443F0059640E /* Shots.swift in Sources */ = {isa = PBXBuildFile; fileRef = D945F8541EA7443F0059640E /* Shots.swift */; };
		D963DD2D1EB0706300D9F67B /* ListShotComments.swift in Sources */ = {isa = PBXBuildFile; fileRef = D963DD2C1EB0706300D9F67B /* ListShotComments.swift */; };
		D963DD2F1EB0719F00D9F67B /* ListShotCommentLikes.swift in Sources */ = {isa = PBXBuildFile; fileRef = D963DD2E1EB0719F00D9F67B /* ListShotCommentLikes.swift */; };
		D963DD331EB0720000D9F67B /* Comments.swift in Sources */ = {isa = PBXBuildFile; fileRef = D963DD321EB0720000D9F67B /* Comments.swift */; };
		D963DD351EB073CD00D9F67B /* CreateComment.swift in Sources */ = {isa = PBXBuildFile; fileRef = D963DD341EB073CD00D9F67B /* CreateComment.swift */; };
		D963DD371EB074E100D9F67B /* GetComment.swift in Sources */ = {isa = PBXBuildFile; fileRef = D963DD361EB074E100D9F67B /* GetComment.swift */; };
		D963DD391EB0758600D9F67B /* UpdateComment.swift in Sources */ = {isa = PBXBuildFile; fileRef = D963DD381EB0758600D9F67B /* UpdateComment.swift */; };
		D963DD3B1EB075F500D9F67B /* DeleteComment.swift in Sources */ = {isa = PBXBuildFile; fileRef = D963DD3A1EB075F500D9F67B /* DeleteComment.swift */; };
		D963DD3E1EB077A300D9F67B /* ListShotLikes.swift in Sources */ = {isa = PBXBuildFile; fileRef = D963DD3D1EB077A300D9F67B /* ListShotLikes.swift */; };
		D963DD401EB077C100D9F67B /* Likes.swift in Sources */ = {isa = PBXBuildFile; fileRef = D963DD3F1EB077C100D9F67B /* Likes.swift */; };
		D963DD421EB078E000D9F67B /* GetLike.swift in Sources */ = {isa = PBXBuildFile; fileRef = D963DD411EB078E000D9F67B /* GetLike.swift */; };
		D963DD441EB0795600D9F67B /* CreateLike.swift in Sources */ = {isa = PBXBuildFile; fileRef = D963DD431EB0795600D9F67B /* CreateLike.swift */; };
		D963DD461EB079B500D9F67B /* DeleteLike.swift in Sources */ = {isa = PBXBuildFile; fileRef = D963DD451EB079B500D9F67B /* DeleteLike.swift */; };
		D963DD481EB07B0900D9F67B /* CreateCommentLike.swift in Sources */ = {isa = PBXBuildFile; fileRef = D963DD471EB07B0900D9F67B /* CreateCommentLike.swift */; };
		D963DD4A1EB07B9600D9F67B /* GetCommentLike.swift in Sources */ = {isa = PBXBuildFile; fileRef = D963DD491EB07B9600D9F67B /* GetCommentLike.swift */; };
		D963DD4C1EB07BD600D9F67B /* DeleteCommentLike.swift in Sources */ = {isa = PBXBuildFile; fileRef = D963DD4B1EB07BD600D9F67B /* DeleteCommentLike.swift */; };
		D963DD501EB07FA500D9F67B /* ListUserBuckets.swift in Sources */ = {isa = PBXBuildFile; fileRef = D963DD4F1EB07FA500D9F67B /* ListUserBuckets.swift */; };
		D963DD521EB07FC000D9F67B /* ListUserFollowers.swift in Sources */ = {isa = PBXBuildFile; fileRef = D963DD511EB07FC000D9F67B /* ListUserFollowers.swift */; };
		D963DD541EB0800300D9F67B /* Followers.swift in Sources */ = {isa = PBXBuildFile; fileRef = D963DD531EB0800300D9F67B /* Followers.swift */; };
		D963DD561EB081AD00D9F67B /* ListUserFollowing.swift in Sources */ = {isa = PBXBuildFile; fileRef = D963DD551EB081AD00D9F67B /* ListUserFollowing.swift */; };
		D963DD581EB082BF00D9F67B /* ListUserFollowingShots.swift in Sources */ = {isa = PBXBuildFile; fileRef = D963DD571EB082BF00D9F67B /* ListUserFollowingShots.swift */; };
		D963DD5A1EB0836700D9F67B /* GetUserFollowing.swift in Sources */ = {isa = PBXBuildFile; fileRef = D963DD591EB0836700D9F67B /* GetUserFollowing.swift */; };
		D963DD5C1EB0853100D9F67B /* FollowUser.swift in Sources */ = {isa = PBXBuildFile; fileRef = D963DD5B1EB0853100D9F67B /* FollowUser.swift */; };
		D963DD5E1EB0874C00D9F67B /* UnfollowUser.swift in Sources */ = {isa = PBXBuildFile; fileRef = D963DD5D1EB0874C00D9F67B /* UnfollowUser.swift */; };
		D963DD601EB0900800D9F67B /* DataSet.swift in Sources */ = {isa = PBXBuildFile; fileRef = D963DD5F1EB0900800D9F67B /* DataSet.swift */; };
		D963DD621EB0918100D9F67B /* RequestTests.swift in Sources */ = {isa = PBXBuildFile; fileRef = D963DD611EB0918100D9F67B /* RequestTests.swift */; };
		D963DD891EB0B2F200D9F67B /* Error.swift in Sources */ = {isa = PBXBuildFile; fileRef = D963DD881EB0B2F200D9F67B /* Error.swift */; };
		D963DDA91EB0C8D100D9F67B /* PaginatorRequest.swift in Sources */ = {isa = PBXBuildFile; fileRef = D963DDA81EB0C8D100D9F67B /* PaginatorRequest.swift */; };
		D974C4271E9FD7DE00C46607 /* DribbbleKit.framework in Frameworks */ = {isa = PBXBuildFile; fileRef = D974C41D1E9FD7DE00C46607 /* DribbbleKit.framework */; };
		D974C42C1E9FD7DE00C46607 /* DribbbleKitTests.swift in Sources */ = {isa = PBXBuildFile; fileRef = D974C42B1E9FD7DE00C46607 /* DribbbleKitTests.swift */; };
		D974C42E1E9FD7DE00C46607 /* DribbbleKit.h in Headers */ = {isa = PBXBuildFile; fileRef = D974C4201E9FD7DE00C46607 /* DribbbleKit.h */; settings = {ATTRIBUTES = (Public, ); }; };
		D974C43A1E9FDD8700C46607 /* DribbbleKit.swift in Sources */ = {isa = PBXBuildFile; fileRef = D974C4391E9FDD8700C46607 /* DribbbleKit.swift */; };
		D974C43C1E9FE66800C46607 /* Session.swift in Sources */ = {isa = PBXBuildFile; fileRef = D974C43B1E9FE66800C46607 /* Session.swift */; };
		D974C4431EA1EC9A00C46607 /* Transformer.swift in Sources */ = {isa = PBXBuildFile; fileRef = D974C4421EA1EC9A00C46607 /* Transformer.swift */; };
		D974C4451EA1F0A600C46607 /* Authorization.swift in Sources */ = {isa = PBXBuildFile; fileRef = D974C4441EA1F0A600C46607 /* Authorization.swift */; };
		D974C44A1EA1F7AC00C46607 /* OAuth.swift in Sources */ = {isa = PBXBuildFile; fileRef = D974C4491EA1F7AC00C46607 /* OAuth.swift */; };
		D98F55CA1EAE0DDF008C1861 /* Alter.framework in Frameworks */ = {isa = PBXBuildFile; fileRef = D98F55C71EAE0DDF008C1861 /* Alter.framework */; };
		D98F55CB1EAE0DDF008C1861 /* APIKit.framework in Frameworks */ = {isa = PBXBuildFile; fileRef = D98F55C81EAE0DDF008C1861 /* APIKit.framework */; };
		D98F55CC1EAE0DDF008C1861 /* Result.framework in Frameworks */ = {isa = PBXBuildFile; fileRef = D98F55C91EAE0DDF008C1861 /* Result.framework */; };
		D98F55CE1EAE2479008C1861 /* Request.swift in Sources */ = {isa = PBXBuildFile; fileRef = D98F55CD1EAE2479008C1861 /* Request.swift */; };
		D98F55D01EAE28AC008C1861 /* Response.swift in Sources */ = {isa = PBXBuildFile; fileRef = D98F55CF1EAE28AC008C1861 /* Response.swift */; };
		D98F55D31EB24949008C1861 /* BucketData.json in Resources */ = {isa = PBXBuildFile; fileRef = D98F55D21EB24949008C1861 /* BucketData.json */; };
		D98F55D61EB249F8008C1861 /* GetBucketTests.swift in Sources */ = {isa = PBXBuildFile; fileRef = D98F55D51EB249F8008C1861 /* GetBucketTests.swift */; };
		D98F55D91EB24C5E008C1861 /* ListAttachmentData.json in Resources */ = {isa = PBXBuildFile; fileRef = D98F55D81EB24C5E008C1861 /* ListAttachmentData.json */; };
		D98F55DC1EB24C98008C1861 /* ListAttachmentsTests.swift in Sources */ = {isa = PBXBuildFile; fileRef = D98F55DB1EB24C98008C1861 /* ListAttachmentsTests.swift */; };
		D990B4BB1EB324EA0086EE6C /* ListUserLikes.swift in Sources */ = {isa = PBXBuildFile; fileRef = D990B4BA1EB324EA0086EE6C /* ListUserLikes.swift */; };
		D990B4BF1EB3272B0086EE6C /* ListUserLikesData.json in Resources */ = {isa = PBXBuildFile; fileRef = D990B4BE1EB3272B0086EE6C /* ListUserLikesData.json */; };
		D990B4C31EB3278C0086EE6C /* ListUserLikesTests.swift in Sources */ = {isa = PBXBuildFile; fileRef = D990B4C21EB3278C0086EE6C /* ListUserLikesTests.swift */; };
		D99D32751EA74FFC009561E3 /* ListShots.swift in Sources */ = {isa = PBXBuildFile; fileRef = D99D32741EA74FFC009561E3 /* ListShots.swift */; };
		D99D32771EA75252009561E3 /* GetShot.swift in Sources */ = {isa = PBXBuildFile; fileRef = D99D32761EA75252009561E3 /* GetShot.swift */; };
		D99D32791EA7532C009561E3 /* CreateShot.swift in Sources */ = {isa = PBXBuildFile; fileRef = D99D32781EA7532C009561E3 /* CreateShot.swift */; };
		D99D327B1EA75643009561E3 /* UpdateShot.swift in Sources */ = {isa = PBXBuildFile; fileRef = D99D327A1EA75643009561E3 /* UpdateShot.swift */; };
		D99D327D1EA75757009561E3 /* DeleteShot.swift in Sources */ = {isa = PBXBuildFile; fileRef = D99D327C1EA75757009561E3 /* DeleteShot.swift */; };
		D9A22CEC1EAF312300729B14 /* ShotsTests.swift in Sources */ = {isa = PBXBuildFile; fileRef = D9A22CEB1EAF312300729B14 /* ShotsTests.swift */; };
		D9A22CF11EAF330300729B14 /* Alter.framework in Frameworks */ = {isa = PBXBuildFile; fileRef = D98F55C71EAE0DDF008C1861 /* Alter.framework */; };
		D9A22CF21EAF330600729B14 /* APIKit.framework in Frameworks */ = {isa = PBXBuildFile; fileRef = D98F55C81EAE0DDF008C1861 /* APIKit.framework */; };
		D9A22CF31EAF330A00729B14 /* Result.framework in Frameworks */ = {isa = PBXBuildFile; fileRef = D98F55C91EAE0DDF008C1861 /* Result.framework */; };
		D9A22CF51EAF339300729B14 /* Alter.framework in CopyFiles */ = {isa = PBXBuildFile; fileRef = D98F55C71EAE0DDF008C1861 /* Alter.framework */; settings = {ATTRIBUTES = (CodeSignOnCopy, RemoveHeadersOnCopy, ); }; };
		D9A22CF61EAF339300729B14 /* APIKit.framework in CopyFiles */ = {isa = PBXBuildFile; fileRef = D98F55C81EAE0DDF008C1861 /* APIKit.framework */; settings = {ATTRIBUTES = (CodeSignOnCopy, RemoveHeadersOnCopy, ); }; };
		D9A22CF71EAF339300729B14 /* Result.framework in CopyFiles */ = {isa = PBXBuildFile; fileRef = D98F55C91EAE0DDF008C1861 /* Result.framework */; settings = {ATTRIBUTES = (CodeSignOnCopy, RemoveHeadersOnCopy, ); }; };
		D9A22CFB1EAF33FC00729B14 /* ShotData.json in Resources */ = {isa = PBXBuildFile; fileRef = D9A22CFA1EAF33FC00729B14 /* ShotData.json */; };
		D9A22CFE1EAF3B7900729B14 /* Projects.swift in Sources */ = {isa = PBXBuildFile; fileRef = D9A22CFD1EAF3B7900729B14 /* Projects.swift */; };
		D9A22D011EAF3D2900729B14 /* ListProjectShots.swift in Sources */ = {isa = PBXBuildFile; fileRef = D9A22D001EAF3D2900729B14 /* ListProjectShots.swift */; };
		D9A22D041EAF429A00729B14 /* ListShotBuckets.swift in Sources */ = {isa = PBXBuildFile; fileRef = D9A22D031EAF429A00729B14 /* ListShotBuckets.swift */; };
		D9D1ADCA1EB24FBB00CD4748 /* CommentsTests.swift in Sources */ = {isa = PBXBuildFile; fileRef = D9D1ADC91EB24FBB00CD4748 /* CommentsTests.swift */; };
		D9D1ADCD1EB24FF800CD4748 /* ListCommentData.json in Resources */ = {isa = PBXBuildFile; fileRef = D9D1ADCC1EB24FF800CD4748 /* ListCommentData.json */; };
		D9FB68991EA8850D006B2D40 /* Team.swift in Sources */ = {isa = PBXBuildFile; fileRef = D9FB68981EA8850D006B2D40 /* Team.swift */; };
		D9FB689B1EA885C7006B2D40 /* ListTeamMembers.swift in Sources */ = {isa = PBXBuildFile; fileRef = D9FB689A1EA885C7006B2D40 /* ListTeamMembers.swift */; };
		D9FB689D1EA8863C006B2D40 /* ListTeamShots.swift in Sources */ = {isa = PBXBuildFile; fileRef = D9FB689C1EA8863C006B2D40 /* ListTeamShots.swift */; };
		D9FB68A01EA88DB9006B2D40 /* Attachments.swift in Sources */ = {isa = PBXBuildFile; fileRef = D9FB689F1EA88DB9006B2D40 /* Attachments.swift */; };
		D9FB68A21EA88EFF006B2D40 /* ListAttachments.swift in Sources */ = {isa = PBXBuildFile; fileRef = D9FB68A11EA88EFF006B2D40 /* ListAttachments.swift */; };
		D9FB68A41EA88FA7006B2D40 /* CreateAttachment.swift in Sources */ = {isa = PBXBuildFile; fileRef = D9FB68A31EA88FA7006B2D40 /* CreateAttachment.swift */; };
		D9FB68A61EA8908E006B2D40 /* GetAttachment.swift in Sources */ = {isa = PBXBuildFile; fileRef = D9FB68A51EA8908E006B2D40 /* GetAttachment.swift */; };
		D9FB68A81EA89105006B2D40 /* DeleteAttachment.swift in Sources */ = {isa = PBXBuildFile; fileRef = D9FB68A71EA89105006B2D40 /* DeleteAttachment.swift */; };
/* End PBXBuildFile section */

/* Begin PBXContainerItemProxy section */
		D974C4281E9FD7DE00C46607 /* PBXContainerItemProxy */ = {
			isa = PBXContainerItemProxy;
			containerPortal = D974C4141E9FD7DE00C46607 /* Project object */;
			proxyType = 1;
			remoteGlobalIDString = D974C41C1E9FD7DE00C46607;
			remoteInfo = DribbbleKit;
		};
/* End PBXContainerItemProxy section */

/* Begin PBXCopyFilesBuildPhase section */
		D9A22CF41EAF338A00729B14 /* CopyFiles */ = {
			isa = PBXCopyFilesBuildPhase;
			buildActionMask = 2147483647;
			dstPath = "";
			dstSubfolderSpec = 10;
			files = (
				D9A22CF51EAF339300729B14 /* Alter.framework in CopyFiles */,
				D9A22CF61EAF339300729B14 /* APIKit.framework in CopyFiles */,
				D9A22CF71EAF339300729B14 /* Result.framework in CopyFiles */,
			);
			runOnlyForDeploymentPostprocessing = 0;
		};
/* End PBXCopyFilesBuildPhase section */

/* Begin PBXFileReference section */
		3140A9FEF4B12652C3104FD6 /* Pods-DribbbleKitTests.debug.xcconfig */ = {isa = PBXFileReference; includeInIndex = 1; lastKnownFileType = text.xcconfig; name = "Pods-DribbbleKitTests.debug.xcconfig"; path = "Pods/Target Support Files/Pods-DribbbleKitTests/Pods-DribbbleKitTests.debug.xcconfig"; sourceTree = "<group>"; };
		89B0C9394DC757969070A564 /* Pods-DribbbleKit.release.xcconfig */ = {isa = PBXFileReference; includeInIndex = 1; lastKnownFileType = text.xcconfig; name = "Pods-DribbbleKit.release.xcconfig"; path = "Pods/Target Support Files/Pods-DribbbleKit/Pods-DribbbleKit.release.xcconfig"; sourceTree = "<group>"; };
		975C1D8C5BE3EC692A1F1C8C /* Pods_DribbbleKitTests.framework */ = {isa = PBXFileReference; explicitFileType = wrapper.framework; includeInIndex = 0; path = Pods_DribbbleKitTests.framework; sourceTree = BUILT_PRODUCTS_DIR; };
		AE261AF0653CAAF502FD2693 /* Pods-DribbbleKit.debug.xcconfig */ = {isa = PBXFileReference; includeInIndex = 1; lastKnownFileType = text.xcconfig; name = "Pods-DribbbleKit.debug.xcconfig"; path = "Pods/Target Support Files/Pods-DribbbleKit/Pods-DribbbleKit.debug.xcconfig"; sourceTree = "<group>"; };
		D91C92131EB19939007E6933 /* ListShotLikesTests.swift */ = {isa = PBXFileReference; fileEncoding = 4; lastKnownFileType = sourcecode.swift; path = ListShotLikesTests.swift; sourceTree = "<group>"; };
		D91C92161EB199AA007E6933 /* ListLikeData.json */ = {isa = PBXFileReference; fileEncoding = 4; lastKnownFileType = text.json; path = ListLikeData.json; sourceTree = "<group>"; };
		D945F83E1EA732690059640E /* User.swift */ = {isa = PBXFileReference; fileEncoding = 4; lastKnownFileType = sourcecode.swift; path = User.swift; sourceTree = "<group>"; };
		D945F8401EA732730059640E /* GetUser.swift */ = {isa = PBXFileReference; fileEncoding = 4; lastKnownFileType = sourcecode.swift; path = GetUser.swift; sourceTree = "<group>"; };
		D945F8451EA73B770059640E /* Bucket.swift */ = {isa = PBXFileReference; fileEncoding = 4; lastKnownFileType = sourcecode.swift; path = Bucket.swift; sourceTree = "<group>"; };
		D945F8461EA73B770059640E /* CreateBucket.swift */ = {isa = PBXFileReference; fileEncoding = 4; lastKnownFileType = sourcecode.swift; path = CreateBucket.swift; sourceTree = "<group>"; };
		D945F8471EA73B770059640E /* DeleteBucket.swift */ = {isa = PBXFileReference; fileEncoding = 4; lastKnownFileType = sourcecode.swift; path = DeleteBucket.swift; sourceTree = "<group>"; };
		D945F8481EA73B770059640E /* GetBucket.swift */ = {isa = PBXFileReference; fileEncoding = 4; lastKnownFileType = sourcecode.swift; path = GetBucket.swift; sourceTree = "<group>"; };
		D945F8491EA73B770059640E /* UpdateBucket.swift */ = {isa = PBXFileReference; fileEncoding = 4; lastKnownFileType = sourcecode.swift; path = UpdateBucket.swift; sourceTree = "<group>"; };
		D945F8541EA7443F0059640E /* Shots.swift */ = {isa = PBXFileReference; fileEncoding = 4; lastKnownFileType = sourcecode.swift; path = Shots.swift; sourceTree = "<group>"; };
		D963DD2C1EB0706300D9F67B /* ListShotComments.swift */ = {isa = PBXFileReference; fileEncoding = 4; lastKnownFileType = sourcecode.swift; path = ListShotComments.swift; sourceTree = "<group>"; };
		D963DD2E1EB0719F00D9F67B /* ListShotCommentLikes.swift */ = {isa = PBXFileReference; fileEncoding = 4; lastKnownFileType = sourcecode.swift; path = ListShotCommentLikes.swift; sourceTree = "<group>"; };
		D963DD321EB0720000D9F67B /* Comments.swift */ = {isa = PBXFileReference; fileEncoding = 4; lastKnownFileType = sourcecode.swift; path = Comments.swift; sourceTree = "<group>"; };
		D963DD341EB073CD00D9F67B /* CreateComment.swift */ = {isa = PBXFileReference; fileEncoding = 4; lastKnownFileType = sourcecode.swift; path = CreateComment.swift; sourceTree = "<group>"; };
		D963DD361EB074E100D9F67B /* GetComment.swift */ = {isa = PBXFileReference; fileEncoding = 4; lastKnownFileType = sourcecode.swift; path = GetComment.swift; sourceTree = "<group>"; };
		D963DD381EB0758600D9F67B /* UpdateComment.swift */ = {isa = PBXFileReference; fileEncoding = 4; lastKnownFileType = sourcecode.swift; path = UpdateComment.swift; sourceTree = "<group>"; };
		D963DD3A1EB075F500D9F67B /* DeleteComment.swift */ = {isa = PBXFileReference; fileEncoding = 4; lastKnownFileType = sourcecode.swift; path = DeleteComment.swift; sourceTree = "<group>"; };
		D963DD3D1EB077A300D9F67B /* ListShotLikes.swift */ = {isa = PBXFileReference; fileEncoding = 4; lastKnownFileType = sourcecode.swift; path = ListShotLikes.swift; sourceTree = "<group>"; };
		D963DD3F1EB077C100D9F67B /* Likes.swift */ = {isa = PBXFileReference; fileEncoding = 4; lastKnownFileType = sourcecode.swift; path = Likes.swift; sourceTree = "<group>"; };
		D963DD411EB078E000D9F67B /* GetLike.swift */ = {isa = PBXFileReference; fileEncoding = 4; lastKnownFileType = sourcecode.swift; path = GetLike.swift; sourceTree = "<group>"; };
		D963DD431EB0795600D9F67B /* CreateLike.swift */ = {isa = PBXFileReference; fileEncoding = 4; lastKnownFileType = sourcecode.swift; path = CreateLike.swift; sourceTree = "<group>"; };
		D963DD451EB079B500D9F67B /* DeleteLike.swift */ = {isa = PBXFileReference; fileEncoding = 4; lastKnownFileType = sourcecode.swift; path = DeleteLike.swift; sourceTree = "<group>"; };
		D963DD471EB07B0900D9F67B /* CreateCommentLike.swift */ = {isa = PBXFileReference; fileEncoding = 4; lastKnownFileType = sourcecode.swift; path = CreateCommentLike.swift; sourceTree = "<group>"; };
		D963DD491EB07B9600D9F67B /* GetCommentLike.swift */ = {isa = PBXFileReference; fileEncoding = 4; lastKnownFileType = sourcecode.swift; path = GetCommentLike.swift; sourceTree = "<group>"; };
		D963DD4B1EB07BD600D9F67B /* DeleteCommentLike.swift */ = {isa = PBXFileReference; fileEncoding = 4; lastKnownFileType = sourcecode.swift; path = DeleteCommentLike.swift; sourceTree = "<group>"; };
		D963DD4F1EB07FA500D9F67B /* ListUserBuckets.swift */ = {isa = PBXFileReference; fileEncoding = 4; lastKnownFileType = sourcecode.swift; path = ListUserBuckets.swift; sourceTree = "<group>"; };
		D963DD511EB07FC000D9F67B /* ListUserFollowers.swift */ = {isa = PBXFileReference; fileEncoding = 4; lastKnownFileType = sourcecode.swift; path = ListUserFollowers.swift; sourceTree = "<group>"; };
		D963DD531EB0800300D9F67B /* Followers.swift */ = {isa = PBXFileReference; fileEncoding = 4; lastKnownFileType = sourcecode.swift; path = Followers.swift; sourceTree = "<group>"; };
		D963DD551EB081AD00D9F67B /* ListUserFollowing.swift */ = {isa = PBXFileReference; fileEncoding = 4; lastKnownFileType = sourcecode.swift; path = ListUserFollowing.swift; sourceTree = "<group>"; };
		D963DD571EB082BF00D9F67B /* ListUserFollowingShots.swift */ = {isa = PBXFileReference; fileEncoding = 4; lastKnownFileType = sourcecode.swift; path = ListUserFollowingShots.swift; sourceTree = "<group>"; };
		D963DD591EB0836700D9F67B /* GetUserFollowing.swift */ = {isa = PBXFileReference; fileEncoding = 4; lastKnownFileType = sourcecode.swift; path = GetUserFollowing.swift; sourceTree = "<group>"; };
		D963DD5B1EB0853100D9F67B /* FollowUser.swift */ = {isa = PBXFileReference; fileEncoding = 4; lastKnownFileType = sourcecode.swift; path = FollowUser.swift; sourceTree = "<group>"; };
		D963DD5D1EB0874C00D9F67B /* UnfollowUser.swift */ = {isa = PBXFileReference; fileEncoding = 4; lastKnownFileType = sourcecode.swift; path = UnfollowUser.swift; sourceTree = "<group>"; };
		D963DD5F1EB0900800D9F67B /* DataSet.swift */ = {isa = PBXFileReference; fileEncoding = 4; lastKnownFileType = sourcecode.swift; path = DataSet.swift; sourceTree = "<group>"; };
		D963DD611EB0918100D9F67B /* RequestTests.swift */ = {isa = PBXFileReference; fileEncoding = 4; lastKnownFileType = sourcecode.swift; path = RequestTests.swift; sourceTree = "<group>"; };
		D963DD881EB0B2F200D9F67B /* Error.swift */ = {isa = PBXFileReference; fileEncoding = 4; lastKnownFileType = sourcecode.swift; path = Error.swift; sourceTree = "<group>"; };
		D963DDA81EB0C8D100D9F67B /* PaginatorRequest.swift */ = {isa = PBXFileReference; fileEncoding = 4; lastKnownFileType = sourcecode.swift; path = PaginatorRequest.swift; sourceTree = "<group>"; };
		D974C41D1E9FD7DE00C46607 /* DribbbleKit.framework */ = {isa = PBXFileReference; explicitFileType = wrapper.framework; includeInIndex = 0; path = DribbbleKit.framework; sourceTree = BUILT_PRODUCTS_DIR; };
		D974C4201E9FD7DE00C46607 /* DribbbleKit.h */ = {isa = PBXFileReference; lastKnownFileType = sourcecode.c.h; path = DribbbleKit.h; sourceTree = "<group>"; };
		D974C4211E9FD7DE00C46607 /* Info.plist */ = {isa = PBXFileReference; lastKnownFileType = text.plist.xml; path = Info.plist; sourceTree = "<group>"; };
		D974C4261E9FD7DE00C46607 /* DribbbleKitTests.xctest */ = {isa = PBXFileReference; explicitFileType = wrapper.cfbundle; includeInIndex = 0; path = DribbbleKitTests.xctest; sourceTree = BUILT_PRODUCTS_DIR; };
		D974C42B1E9FD7DE00C46607 /* DribbbleKitTests.swift */ = {isa = PBXFileReference; lastKnownFileType = sourcecode.swift; path = DribbbleKitTests.swift; sourceTree = "<group>"; };
		D974C42D1E9FD7DE00C46607 /* Info.plist */ = {isa = PBXFileReference; lastKnownFileType = text.plist.xml; path = Info.plist; sourceTree = "<group>"; };
		D974C4391E9FDD8700C46607 /* DribbbleKit.swift */ = {isa = PBXFileReference; fileEncoding = 4; lastKnownFileType = sourcecode.swift; path = DribbbleKit.swift; sourceTree = "<group>"; };
		D974C43B1E9FE66800C46607 /* Session.swift */ = {isa = PBXFileReference; fileEncoding = 4; lastKnownFileType = sourcecode.swift; path = Session.swift; sourceTree = "<group>"; };
		D974C4421EA1EC9A00C46607 /* Transformer.swift */ = {isa = PBXFileReference; fileEncoding = 4; lastKnownFileType = sourcecode.swift; path = Transformer.swift; sourceTree = "<group>"; };
		D974C4441EA1F0A600C46607 /* Authorization.swift */ = {isa = PBXFileReference; fileEncoding = 4; lastKnownFileType = sourcecode.swift; path = Authorization.swift; sourceTree = "<group>"; };
		D974C4491EA1F7AC00C46607 /* OAuth.swift */ = {isa = PBXFileReference; fileEncoding = 4; lastKnownFileType = sourcecode.swift; path = OAuth.swift; sourceTree = "<group>"; };
		D974C44B1EA20F4100C46607 /* Playground.playground */ = {isa = PBXFileReference; lastKnownFileType = file.playground; path = Playground.playground; sourceTree = "<group>"; };
		D98F55C71EAE0DDF008C1861 /* Alter.framework */ = {isa = PBXFileReference; lastKnownFileType = wrapper.framework; name = Alter.framework; path = Carthage/Build/iOS/Alter.framework; sourceTree = "<group>"; };
		D98F55C81EAE0DDF008C1861 /* APIKit.framework */ = {isa = PBXFileReference; lastKnownFileType = wrapper.framework; name = APIKit.framework; path = Carthage/Build/iOS/APIKit.framework; sourceTree = "<group>"; };
		D98F55C91EAE0DDF008C1861 /* Result.framework */ = {isa = PBXFileReference; lastKnownFileType = wrapper.framework; name = Result.framework; path = Carthage/Build/iOS/Result.framework; sourceTree = "<group>"; };
		D98F55CD1EAE2479008C1861 /* Request.swift */ = {isa = PBXFileReference; fileEncoding = 4; lastKnownFileType = sourcecode.swift; path = Request.swift; sourceTree = "<group>"; };
		D98F55CF1EAE28AC008C1861 /* Response.swift */ = {isa = PBXFileReference; fileEncoding = 4; lastKnownFileType = sourcecode.swift; path = Response.swift; sourceTree = "<group>"; };
		D98F55D21EB24949008C1861 /* BucketData.json */ = {isa = PBXFileReference; fileEncoding = 4; lastKnownFileType = text.json; path = BucketData.json; sourceTree = "<group>"; };
		D98F55D51EB249F8008C1861 /* GetBucketTests.swift */ = {isa = PBXFileReference; fileEncoding = 4; lastKnownFileType = sourcecode.swift; path = GetBucketTests.swift; sourceTree = "<group>"; };
		D98F55D81EB24C5E008C1861 /* ListAttachmentData.json */ = {isa = PBXFileReference; fileEncoding = 4; lastKnownFileType = text.json; path = ListAttachmentData.json; sourceTree = "<group>"; };
		D98F55DB1EB24C98008C1861 /* ListAttachmentsTests.swift */ = {isa = PBXFileReference; fileEncoding = 4; lastKnownFileType = sourcecode.swift; path = ListAttachmentsTests.swift; sourceTree = "<group>"; };
		D990B4BA1EB324EA0086EE6C /* ListUserLikes.swift */ = {isa = PBXFileReference; fileEncoding = 4; lastKnownFileType = sourcecode.swift; path = ListUserLikes.swift; sourceTree = "<group>"; };
		D990B4BE1EB3272B0086EE6C /* ListUserLikesData.json */ = {isa = PBXFileReference; fileEncoding = 4; lastKnownFileType = text.json; path = ListUserLikesData.json; sourceTree = "<group>"; };
		D990B4C21EB3278C0086EE6C /* ListUserLikesTests.swift */ = {isa = PBXFileReference; fileEncoding = 4; lastKnownFileType = sourcecode.swift; path = ListUserLikesTests.swift; sourceTree = "<group>"; };
		D99D32741EA74FFC009561E3 /* ListShots.swift */ = {isa = PBXFileReference; fileEncoding = 4; lastKnownFileType = sourcecode.swift; path = ListShots.swift; sourceTree = "<group>"; };
		D99D32761EA75252009561E3 /* GetShot.swift */ = {isa = PBXFileReference; fileEncoding = 4; lastKnownFileType = sourcecode.swift; path = GetShot.swift; sourceTree = "<group>"; };
		D99D32781EA7532C009561E3 /* CreateShot.swift */ = {isa = PBXFileReference; fileEncoding = 4; lastKnownFileType = sourcecode.swift; path = CreateShot.swift; sourceTree = "<group>"; };
		D99D327A1EA75643009561E3 /* UpdateShot.swift */ = {isa = PBXFileReference; fileEncoding = 4; lastKnownFileType = sourcecode.swift; path = UpdateShot.swift; sourceTree = "<group>"; };
		D99D327C1EA75757009561E3 /* DeleteShot.swift */ = {isa = PBXFileReference; fileEncoding = 4; lastKnownFileType = sourcecode.swift; path = DeleteShot.swift; sourceTree = "<group>"; };
		D9A22CEB1EAF312300729B14 /* ShotsTests.swift */ = {isa = PBXFileReference; fileEncoding = 4; lastKnownFileType = sourcecode.swift; path = ShotsTests.swift; sourceTree = "<group>"; };
		D9A22CFA1EAF33FC00729B14 /* ShotData.json */ = {isa = PBXFileReference; fileEncoding = 4; lastKnownFileType = text.json; path = ShotData.json; sourceTree = "<group>"; };
		D9A22CFD1EAF3B7900729B14 /* Projects.swift */ = {isa = PBXFileReference; fileEncoding = 4; lastKnownFileType = sourcecode.swift; path = Projects.swift; sourceTree = "<group>"; };
		D9A22D001EAF3D2900729B14 /* ListProjectShots.swift */ = {isa = PBXFileReference; fileEncoding = 4; lastKnownFileType = sourcecode.swift; path = ListProjectShots.swift; sourceTree = "<group>"; };
		D9A22D031EAF429A00729B14 /* ListShotBuckets.swift */ = {isa = PBXFileReference; fileEncoding = 4; lastKnownFileType = sourcecode.swift; path = ListShotBuckets.swift; sourceTree = "<group>"; };
		D9D1ADC91EB24FBB00CD4748 /* CommentsTests.swift */ = {isa = PBXFileReference; fileEncoding = 4; lastKnownFileType = sourcecode.swift; path = CommentsTests.swift; sourceTree = "<group>"; };
		D9D1ADCC1EB24FF800CD4748 /* ListCommentData.json */ = {isa = PBXFileReference; fileEncoding = 4; lastKnownFileType = text.json; path = ListCommentData.json; sourceTree = "<group>"; };
		D9FB68981EA8850D006B2D40 /* Team.swift */ = {isa = PBXFileReference; fileEncoding = 4; lastKnownFileType = sourcecode.swift; path = Team.swift; sourceTree = "<group>"; };
		D9FB689A1EA885C7006B2D40 /* ListTeamMembers.swift */ = {isa = PBXFileReference; fileEncoding = 4; lastKnownFileType = sourcecode.swift; path = ListTeamMembers.swift; sourceTree = "<group>"; };
		D9FB689C1EA8863C006B2D40 /* ListTeamShots.swift */ = {isa = PBXFileReference; fileEncoding = 4; lastKnownFileType = sourcecode.swift; path = ListTeamShots.swift; sourceTree = "<group>"; };
		D9FB689F1EA88DB9006B2D40 /* Attachments.swift */ = {isa = PBXFileReference; fileEncoding = 4; lastKnownFileType = sourcecode.swift; path = Attachments.swift; sourceTree = "<group>"; };
		D9FB68A11EA88EFF006B2D40 /* ListAttachments.swift */ = {isa = PBXFileReference; fileEncoding = 4; lastKnownFileType = sourcecode.swift; path = ListAttachments.swift; sourceTree = "<group>"; };
		D9FB68A31EA88FA7006B2D40 /* CreateAttachment.swift */ = {isa = PBXFileReference; fileEncoding = 4; lastKnownFileType = sourcecode.swift; path = CreateAttachment.swift; sourceTree = "<group>"; };
		D9FB68A51EA8908E006B2D40 /* GetAttachment.swift */ = {isa = PBXFileReference; fileEncoding = 4; lastKnownFileType = sourcecode.swift; path = GetAttachment.swift; sourceTree = "<group>"; };
		D9FB68A71EA89105006B2D40 /* DeleteAttachment.swift */ = {isa = PBXFileReference; fileEncoding = 4; lastKnownFileType = sourcecode.swift; path = DeleteAttachment.swift; sourceTree = "<group>"; };
		E2D6BB0F9B3781BB5E01A7DE /* Pods-DribbbleKitTests.release.xcconfig */ = {isa = PBXFileReference; includeInIndex = 1; lastKnownFileType = text.xcconfig; name = "Pods-DribbbleKitTests.release.xcconfig"; path = "Pods/Target Support Files/Pods-DribbbleKitTests/Pods-DribbbleKitTests.release.xcconfig"; sourceTree = "<group>"; };
		FCC8C3E871F9D1CE7BE322F6 /* Pods_DribbbleKit.framework */ = {isa = PBXFileReference; explicitFileType = wrapper.framework; includeInIndex = 0; path = Pods_DribbbleKit.framework; sourceTree = BUILT_PRODUCTS_DIR; };
/* End PBXFileReference section */

/* Begin PBXFrameworksBuildPhase section */
		D974C4191E9FD7DE00C46607 /* Frameworks */ = {
			isa = PBXFrameworksBuildPhase;
			buildActionMask = 2147483647;
			files = (
				D98F55CB1EAE0DDF008C1861 /* APIKit.framework in Frameworks */,
				D98F55CA1EAE0DDF008C1861 /* Alter.framework in Frameworks */,
				D98F55CC1EAE0DDF008C1861 /* Result.framework in Frameworks */,
			);
			runOnlyForDeploymentPostprocessing = 0;
		};
		D974C4231E9FD7DE00C46607 /* Frameworks */ = {
			isa = PBXFrameworksBuildPhase;
			buildActionMask = 2147483647;
			files = (
				D974C4271E9FD7DE00C46607 /* DribbbleKit.framework in Frameworks */,
				D9A22CF11EAF330300729B14 /* Alter.framework in Frameworks */,
				D9A22CF21EAF330600729B14 /* APIKit.framework in Frameworks */,
				D9A22CF31EAF330A00729B14 /* Result.framework in Frameworks */,
				7A883D84BF88015490A1B2AF /* Pods_DribbbleKitTests.framework in Frameworks */,
			);
			runOnlyForDeploymentPostprocessing = 0;
		};
/* End PBXFrameworksBuildPhase section */

/* Begin PBXGroup section */
		0F95B495C8CA8C730A368056 /* Pods */ = {
			isa = PBXGroup;
			children = (
				AE261AF0653CAAF502FD2693 /* Pods-DribbbleKit.debug.xcconfig */,
				89B0C9394DC757969070A564 /* Pods-DribbbleKit.release.xcconfig */,
				3140A9FEF4B12652C3104FD6 /* Pods-DribbbleKitTests.debug.xcconfig */,
				E2D6BB0F9B3781BB5E01A7DE /* Pods-DribbbleKitTests.release.xcconfig */,
			);
			name = Pods;
			sourceTree = "<group>";
		};
		312AD1CEB638E44B7F2BDE7E /* Frameworks */ = {
			isa = PBXGroup;
			children = (
				D98F55C71EAE0DDF008C1861 /* Alter.framework */,
				D98F55C81EAE0DDF008C1861 /* APIKit.framework */,
				D98F55C91EAE0DDF008C1861 /* Result.framework */,
				FCC8C3E871F9D1CE7BE322F6 /* Pods_DribbbleKit.framework */,
				975C1D8C5BE3EC692A1F1C8C /* Pods_DribbbleKitTests.framework */,
			);
			name = Frameworks;
			sourceTree = "<group>";
		};
		D91C92121EB198F7007E6933 /* Likes */ = {
			isa = PBXGroup;
			children = (
				D91C92131EB19939007E6933 /* ListShotLikesTests.swift */,
			);
			path = Likes;
			sourceTree = "<group>";
		};
		D91C92151EB19986007E6933 /* Likes */ = {
			isa = PBXGroup;
			children = (
				D91C92161EB199AA007E6933 /* ListLikeData.json */,
			);
			path = Likes;
			sourceTree = "<group>";
		};
		D945F83D1EA731F20059640E /* Users */ = {
			isa = PBXGroup;
			children = (
				D945F83E1EA732690059640E /* User.swift */,
				D945F8401EA732730059640E /* GetUser.swift */,
				D963DD4E1EB07F8900D9F67B /* Buckets */,
				D963DD4D1EB07F6700D9F67B /* Followers */,
				D990B4B91EB324AC0086EE6C /* Likes */,
			);
			path = Users;
			sourceTree = "<group>";
		};
		D945F8441EA73B770059640E /* Buckets */ = {
			isa = PBXGroup;
			children = (
				D945F8451EA73B770059640E /* Bucket.swift */,
				D945F8481EA73B770059640E /* GetBucket.swift */,
				D945F8461EA73B770059640E /* CreateBucket.swift */,
				D945F8491EA73B770059640E /* UpdateBucket.swift */,
				D945F8471EA73B770059640E /* DeleteBucket.swift */,
				D9F38D291EB3077300E7CE38 /* Shots */,
			);
			path = Buckets;
			sourceTree = "<group>";
		};
		D945F8531EA744230059640E /* Shots */ = {
			isa = PBXGroup;
			children = (
				D945F8541EA7443F0059640E /* Shots.swift */,
				D99D32741EA74FFC009561E3 /* ListShots.swift */,
				D99D32761EA75252009561E3 /* GetShot.swift */,
				D99D32781EA7532C009561E3 /* CreateShot.swift */,
				D99D327A1EA75643009561E3 /* UpdateShot.swift */,
				D99D327C1EA75757009561E3 /* DeleteShot.swift */,
				D9FB689E1EA88D6E006B2D40 /* Attachments */,
				D9A22D021EAF426900729B14 /* Buckets */,
				D963DD2B1EB06FF200D9F67B /* Comments */,
				D963DD3C1EB0776D00D9F67B /* Likes */,
			);
			path = Shots;
			sourceTree = "<group>";
		};
		D963DD2B1EB06FF200D9F67B /* Comments */ = {
			isa = PBXGroup;
			children = (
				D963DD321EB0720000D9F67B /* Comments.swift */,
				D963DD2C1EB0706300D9F67B /* ListShotComments.swift */,
				D963DD2E1EB0719F00D9F67B /* ListShotCommentLikes.swift */,
				D963DD361EB074E100D9F67B /* GetComment.swift */,
				D963DD341EB073CD00D9F67B /* CreateComment.swift */,
				D963DD381EB0758600D9F67B /* UpdateComment.swift */,
				D963DD3A1EB075F500D9F67B /* DeleteComment.swift */,
				D963DD491EB07B9600D9F67B /* GetCommentLike.swift */,
				D963DD471EB07B0900D9F67B /* CreateCommentLike.swift */,
				D963DD4B1EB07BD600D9F67B /* DeleteCommentLike.swift */,
			);
			path = Comments;
			sourceTree = "<group>";
		};
		D963DD3C1EB0776D00D9F67B /* Likes */ = {
			isa = PBXGroup;
			children = (
				D963DD3F1EB077C100D9F67B /* Likes.swift */,
				D963DD3D1EB077A300D9F67B /* ListShotLikes.swift */,
				D963DD411EB078E000D9F67B /* GetLike.swift */,
				D963DD431EB0795600D9F67B /* CreateLike.swift */,
				D963DD451EB079B500D9F67B /* DeleteLike.swift */,
			);
			path = Likes;
			sourceTree = "<group>";
		};
		D963DD4D1EB07F6700D9F67B /* Followers */ = {
			isa = PBXGroup;
			children = (
				D963DD531EB0800300D9F67B /* Followers.swift */,
				D963DD511EB07FC000D9F67B /* ListUserFollowers.swift */,
				D963DD551EB081AD00D9F67B /* ListUserFollowing.swift */,
				D963DD571EB082BF00D9F67B /* ListUserFollowingShots.swift */,
				D963DD591EB0836700D9F67B /* GetUserFollowing.swift */,
				D963DD5B1EB0853100D9F67B /* FollowUser.swift */,
				D963DD5D1EB0874C00D9F67B /* UnfollowUser.swift */,
			);
			path = Followers;
			sourceTree = "<group>";
		};
		D963DD4E1EB07F8900D9F67B /* Buckets */ = {
			isa = PBXGroup;
			children = (
				D963DD4F1EB07FA500D9F67B /* ListUserBuckets.swift */,
			);
			path = Buckets;
			sourceTree = "<group>";
		};
		D974C4131E9FD7DE00C46607 = {
			isa = PBXGroup;
			children = (
				D974C44B1EA20F4100C46607 /* Playground.playground */,
				D974C41F1E9FD7DE00C46607 /* DribbbleKit */,
				D974C42A1E9FD7DE00C46607 /* DribbbleKitTests */,
				D974C41E1E9FD7DE00C46607 /* Products */,
				0F95B495C8CA8C730A368056 /* Pods */,
				312AD1CEB638E44B7F2BDE7E /* Frameworks */,
			);
			sourceTree = "<group>";
		};
		D974C41E1E9FD7DE00C46607 /* Products */ = {
			isa = PBXGroup;
			children = (
				D974C41D1E9FD7DE00C46607 /* DribbbleKit.framework */,
				D974C4261E9FD7DE00C46607 /* DribbbleKitTests.xctest */,
			);
			name = Products;
			sourceTree = "<group>";
		};
		D974C41F1E9FD7DE00C46607 /* DribbbleKit */ = {
			isa = PBXGroup;
			children = (
				D974C4371E9FD7EE00C46607 /* Sources */,
				D974C4201E9FD7DE00C46607 /* DribbbleKit.h */,
				D974C4211E9FD7DE00C46607 /* Info.plist */,
			);
			path = DribbbleKit;
			sourceTree = "<group>";
		};
		D974C42A1E9FD7DE00C46607 /* DribbbleKitTests */ = {
			isa = PBXGroup;
			children = (
				D9A22CF81EAF33C300729B14 /* Fixtures */,
				D98F55D41EB2495B008C1861 /* Buckets */,
				D9A22CEA1EAF310000729B14 /* Shots */,
				D990B4C01EB3275E0086EE6C /* Users */,
				D974C42B1E9FD7DE00C46607 /* DribbbleKitTests.swift */,
				D963DD611EB0918100D9F67B /* RequestTests.swift */,
				D974C42D1E9FD7DE00C46607 /* Info.plist */,
				D963DD5F1EB0900800D9F67B /* DataSet.swift */,
			);
			path = DribbbleKitTests;
			sourceTree = "<group>";
		};
		D974C4371E9FD7EE00C46607 /* Sources */ = {
			isa = PBXGroup;
			children = (
				D974C4461EA1F22A00C46607 /* OAuth */,
				D945F83D1EA731F20059640E /* Users */,
				D945F8441EA73B770059640E /* Buckets */,
				D9A22CFC1EAF3B4A00729B14 /* Projects */,
				D945F8531EA744230059640E /* Shots */,
				D9FB68971EA884F5006B2D40 /* Teams */,
				D974C4391E9FDD8700C46607 /* DribbbleKit.swift */,
				D98F55CD1EAE2479008C1861 /* Request.swift */,
				D963DDA81EB0C8D100D9F67B /* PaginatorRequest.swift */,
				D98F55CF1EAE28AC008C1861 /* Response.swift */,
				D963DD881EB0B2F200D9F67B /* Error.swift */,
				D974C43B1E9FE66800C46607 /* Session.swift */,
				D974C4421EA1EC9A00C46607 /* Transformer.swift */,
				D974C4441EA1F0A600C46607 /* Authorization.swift */,
			);
			path = Sources;
			sourceTree = "<group>";
		};
		D974C4461EA1F22A00C46607 /* OAuth */ = {
			isa = PBXGroup;
			children = (
				D974C4491EA1F7AC00C46607 /* OAuth.swift */,
			);
			path = OAuth;
			sourceTree = "<group>";
		};
		D98F55D11EB2491D008C1861 /* Buckets */ = {
			isa = PBXGroup;
			children = (
				D98F55D21EB24949008C1861 /* BucketData.json */,
			);
			path = Buckets;
			sourceTree = "<group>";
		};
		D98F55D41EB2495B008C1861 /* Buckets */ = {
			isa = PBXGroup;
			children = (
				D98F55D51EB249F8008C1861 /* GetBucketTests.swift */,
			);
			path = Buckets;
			sourceTree = "<group>";
		};
		D98F55D71EB24C32008C1861 /* Attachments */ = {
			isa = PBXGroup;
			children = (
				D98F55D81EB24C5E008C1861 /* ListAttachmentData.json */,
			);
			path = Attachments;
			sourceTree = "<group>";
		};
		D98F55DA1EB24C72008C1861 /* Attachments */ = {
			isa = PBXGroup;
			children = (
				D98F55DB1EB24C98008C1861 /* ListAttachmentsTests.swift */,
			);
			path = Attachments;
			sourceTree = "<group>";
		};
		D990B4B91EB324AC0086EE6C /* Likes */ = {
			isa = PBXGroup;
			children = (
				D990B4BA1EB324EA0086EE6C /* ListUserLikes.swift */,
			);
			path = Likes;
			sourceTree = "<group>";
		};
		D990B4BC1EB326F80086EE6C /* Users */ = {
			isa = PBXGroup;
			children = (
				D990B4BD1EB327080086EE6C /* Likes */,
			);
			path = Users;
			sourceTree = "<group>";
		};
		D990B4BD1EB327080086EE6C /* Likes */ = {
			isa = PBXGroup;
			children = (
				D990B4BE1EB3272B0086EE6C /* ListUserLikesData.json */,
			);
			path = Likes;
			sourceTree = "<group>";
		};
		D990B4C01EB3275E0086EE6C /* Users */ = {
			isa = PBXGroup;
			children = (
				D990B4C11EB327730086EE6C /* Likes */,
			);
			path = Users;
			sourceTree = "<group>";
		};
		D990B4C11EB327730086EE6C /* Likes */ = {
			isa = PBXGroup;
			children = (
				D990B4C21EB3278C0086EE6C /* ListUserLikesTests.swift */,
			);
			path = Likes;
			sourceTree = "<group>";
		};
		D9A22CEA1EAF310000729B14 /* Shots */ = {
			isa = PBXGroup;
			children = (
				D9A22CEB1EAF312300729B14 /* ShotsTests.swift */,
				D98F55DA1EB24C72008C1861 /* Attachments */,
				D9D1ADC81EB24F8800CD4748 /* Comments */,
				D91C92121EB198F7007E6933 /* Likes */,
			);
			path = Shots;
			sourceTree = "<group>";
		};
		D9A22CF81EAF33C300729B14 /* Fixtures */ = {
			isa = PBXGroup;
			children = (
				D990B4BC1EB326F80086EE6C /* Users */,
				D98F55D11EB2491D008C1861 /* Buckets */,
				D9A22CF91EAF33E800729B14 /* Shots */,
			);
			path = Fixtures;
			sourceTree = "<group>";
		};
		D9A22CF91EAF33E800729B14 /* Shots */ = {
			isa = PBXGroup;
			children = (
				D9D1ADCB1EB24FCD00CD4748 /* Comments */,
				D98F55D71EB24C32008C1861 /* Attachments */,
				D91C92151EB19986007E6933 /* Likes */,
				D9A22CFA1EAF33FC00729B14 /* ShotData.json */,
			);
			path = Shots;
			sourceTree = "<group>";
		};
		D9A22CFC1EAF3B4A00729B14 /* Projects */ = {
			isa = PBXGroup;
			children = (
				D9A22CFD1EAF3B7900729B14 /* Projects.swift */,
				D9A22CFF1EAF3D0800729B14 /* Shots */,
			);
			path = Projects;
			sourceTree = "<group>";
		};
		D9A22CFF1EAF3D0800729B14 /* Shots */ = {
			isa = PBXGroup;
			children = (
				D9A22D001EAF3D2900729B14 /* ListProjectShots.swift */,
			);
			path = Shots;
			sourceTree = "<group>";
		};
		D9A22D021EAF426900729B14 /* Buckets */ = {
			isa = PBXGroup;
			children = (
				D9A22D031EAF429A00729B14 /* ListShotBuckets.swift */,
			);
			path = Buckets;
			sourceTree = "<group>";
		};
		D9D1ADC81EB24F8800CD4748 /* Comments */ = {
			isa = PBXGroup;
			children = (
				D9D1ADC91EB24FBB00CD4748 /* CommentsTests.swift */,
			);
			path = Comments;
			sourceTree = "<group>";
		};
		D9D1ADCB1EB24FCD00CD4748 /* Comments */ = {
			isa = PBXGroup;
			children = (
				D9D1ADCC1EB24FF800CD4748 /* ListCommentData.json */,
			);
			path = Comments;
			sourceTree = "<group>";
		};
		D9F38D291EB3077300E7CE38 /* Shots */ = {
			isa = PBXGroup;
			children = (
			);
			path = Shots;
			sourceTree = "<group>";
		};
		D9FB68971EA884F5006B2D40 /* Teams */ = {
			isa = PBXGroup;
			children = (
				D9FB68981EA8850D006B2D40 /* Team.swift */,
				D9FB689A1EA885C7006B2D40 /* ListTeamMembers.swift */,
				D9FB689C1EA8863C006B2D40 /* ListTeamShots.swift */,
			);
			path = Teams;
			sourceTree = "<group>";
		};
		D9FB689E1EA88D6E006B2D40 /* Attachments */ = {
			isa = PBXGroup;
			children = (
				D9FB689F1EA88DB9006B2D40 /* Attachments.swift */,
				D9FB68A11EA88EFF006B2D40 /* ListAttachments.swift */,
				D9FB68A51EA8908E006B2D40 /* GetAttachment.swift */,
				D9FB68A31EA88FA7006B2D40 /* CreateAttachment.swift */,
				D9FB68A71EA89105006B2D40 /* DeleteAttachment.swift */,
			);
			path = Attachments;
			sourceTree = "<group>";
		};
/* End PBXGroup section */

/* Begin PBXHeadersBuildPhase section */
		D974C41A1E9FD7DE00C46607 /* Headers */ = {
			isa = PBXHeadersBuildPhase;
			buildActionMask = 2147483647;
			files = (
				D974C42E1E9FD7DE00C46607 /* DribbbleKit.h in Headers */,
			);
			runOnlyForDeploymentPostprocessing = 0;
		};
/* End PBXHeadersBuildPhase section */

/* Begin PBXNativeTarget section */
		D974C41C1E9FD7DE00C46607 /* DribbbleKit */ = {
			isa = PBXNativeTarget;
			buildConfigurationList = D974C4311E9FD7DE00C46607 /* Build configuration list for PBXNativeTarget "DribbbleKit" */;
			buildPhases = (
				D974C4381E9FDB7800C46607 /* Run SwiftLint */,
				D974C4181E9FD7DE00C46607 /* Sources */,
				D974C4191E9FD7DE00C46607 /* Frameworks */,
				D974C41A1E9FD7DE00C46607 /* Headers */,
				D974C41B1E9FD7DE00C46607 /* Resources */,
			);
			buildRules = (
			);
			dependencies = (
			);
			name = DribbbleKit;
			productName = DribbbleKit;
			productReference = D974C41D1E9FD7DE00C46607 /* DribbbleKit.framework */;
			productType = "com.apple.product-type.framework";
		};
		D974C4251E9FD7DE00C46607 /* DribbbleKitTests */ = {
			isa = PBXNativeTarget;
			buildConfigurationList = D974C4341E9FD7DE00C46607 /* Build configuration list for PBXNativeTarget "DribbbleKitTests" */;
			buildPhases = (
				D974C4221E9FD7DE00C46607 /* Sources */,
				D974C4231E9FD7DE00C46607 /* Frameworks */,
				D974C4241E9FD7DE00C46607 /* Resources */,
				D9A22CF41EAF338A00729B14 /* CopyFiles */,
			);
			buildRules = (
			);
			dependencies = (
				D974C4291E9FD7DE00C46607 /* PBXTargetDependency */,
			);
			name = DribbbleKitTests;
			productName = DribbbleKitTests;
			productReference = D974C4261E9FD7DE00C46607 /* DribbbleKitTests.xctest */;
			productType = "com.apple.product-type.bundle.unit-test";
		};
/* End PBXNativeTarget section */

/* Begin PBXProject section */
		D974C4141E9FD7DE00C46607 /* Project object */ = {
			isa = PBXProject;
			attributes = {
				LastSwiftUpdateCheck = 0830;
				LastUpgradeCheck = 0830;
				ORGANIZATIONNAME = jp.sora0077;
				TargetAttributes = {
					D974C41C1E9FD7DE00C46607 = {
						CreatedOnToolsVersion = 8.3.1;
						LastSwiftMigration = 0830;
						ProvisioningStyle = Automatic;
					};
					D974C4251E9FD7DE00C46607 = {
						CreatedOnToolsVersion = 8.3.1;
						ProvisioningStyle = Automatic;
					};
				};
			};
			buildConfigurationList = D974C4171E9FD7DE00C46607 /* Build configuration list for PBXProject "DribbbleKit" */;
			compatibilityVersion = "Xcode 3.2";
			developmentRegion = English;
			hasScannedForEncodings = 0;
			knownRegions = (
				en,
			);
			mainGroup = D974C4131E9FD7DE00C46607;
			productRefGroup = D974C41E1E9FD7DE00C46607 /* Products */;
			projectDirPath = "";
			projectRoot = "";
			targets = (
				D974C41C1E9FD7DE00C46607 /* DribbbleKit */,
				D974C4251E9FD7DE00C46607 /* DribbbleKitTests */,
			);
		};
/* End PBXProject section */

/* Begin PBXResourcesBuildPhase section */
		D974C41B1E9FD7DE00C46607 /* Resources */ = {
			isa = PBXResourcesBuildPhase;
			buildActionMask = 2147483647;
			files = (
			);
			runOnlyForDeploymentPostprocessing = 0;
		};
		D974C4241E9FD7DE00C46607 /* Resources */ = {
			isa = PBXResourcesBuildPhase;
			buildActionMask = 2147483647;
			files = (
				D98F55D31EB24949008C1861 /* BucketData.json in Resources */,
				D91C92171EB199AA007E6933 /* ListLikeData.json in Resources */,
				D98F55D91EB24C5E008C1861 /* ListAttachmentData.json in Resources */,
				D9A22CFB1EAF33FC00729B14 /* ShotData.json in Resources */,
				D990B4BF1EB3272B0086EE6C /* ListUserLikesData.json in Resources */,
				D9D1ADCD1EB24FF800CD4748 /* ListCommentData.json in Resources */,
			);
			runOnlyForDeploymentPostprocessing = 0;
		};
/* End PBXResourcesBuildPhase section */

/* Begin PBXShellScriptBuildPhase section */
		D974C4381E9FDB7800C46607 /* Run SwiftLint */ = {
			isa = PBXShellScriptBuildPhase;
			buildActionMask = 2147483647;
			files = (
			);
			inputPaths = (
			);
			name = "Run SwiftLint";
			outputPaths = (
			);
			runOnlyForDeploymentPostprocessing = 0;
			shellPath = /bin/sh;
			shellScript = "if [ -f ${PODS_ROOT}/SwiftLint/swiftlint ]; then\n    ${PODS_ROOT}/SwiftLint/swiftlint autocorrect\n    ${PODS_ROOT}/SwiftLint/swiftlint\nfi";
		};
/* End PBXShellScriptBuildPhase section */

/* Begin PBXSourcesBuildPhase section */
		D974C4181E9FD7DE00C46607 /* Sources */ = {
			isa = PBXSourcesBuildPhase;
			buildActionMask = 2147483647;
			files = (
				D963DD3E1EB077A300D9F67B /* ListShotLikes.swift in Sources */,
				D963DD541EB0800300D9F67B /* Followers.swift in Sources */,
				D974C43C1E9FE66800C46607 /* Session.swift in Sources */,
				D963DD891EB0B2F200D9F67B /* Error.swift in Sources */,
				D963DD351EB073CD00D9F67B /* CreateComment.swift in Sources */,
				D99D32751EA74FFC009561E3 /* ListShots.swift in Sources */,
				D9FB68A41EA88FA7006B2D40 /* CreateAttachment.swift in Sources */,
				D9FB68A01EA88DB9006B2D40 /* Attachments.swift in Sources */,
				D9FB689B1EA885C7006B2D40 /* ListTeamMembers.swift in Sources */,
				D963DD5E1EB0874C00D9F67B /* UnfollowUser.swift in Sources */,
				D963DD521EB07FC000D9F67B /* ListUserFollowers.swift in Sources */,
				D963DD371EB074E100D9F67B /* GetComment.swift in Sources */,
				D963DD4C1EB07BD600D9F67B /* DeleteCommentLike.swift in Sources */,
				D945F84D1EA73B770059640E /* GetBucket.swift in Sources */,
				D945F84B1EA73B770059640E /* CreateBucket.swift in Sources */,
				D963DD401EB077C100D9F67B /* Likes.swift in Sources */,
				D963DD501EB07FA500D9F67B /* ListUserBuckets.swift in Sources */,
				D99D327D1EA75757009561E3 /* DeleteShot.swift in Sources */,
				D945F8411EA732730059640E /* GetUser.swift in Sources */,
				D974C4451EA1F0A600C46607 /* Authorization.swift in Sources */,
				D99D32771EA75252009561E3 /* GetShot.swift in Sources */,
				D9FB68991EA8850D006B2D40 /* Team.swift in Sources */,
				D9FB689D1EA8863C006B2D40 /* ListTeamShots.swift in Sources */,
				D945F84C1EA73B770059640E /* DeleteBucket.swift in Sources */,
				D945F84E1EA73B770059640E /* UpdateBucket.swift in Sources */,
				D9FB68A81EA89105006B2D40 /* DeleteAttachment.swift in Sources */,
				D963DD561EB081AD00D9F67B /* ListUserFollowing.swift in Sources */,
				D963DD481EB07B0900D9F67B /* CreateCommentLike.swift in Sources */,
				D963DD581EB082BF00D9F67B /* ListUserFollowingShots.swift in Sources */,
				D963DD5C1EB0853100D9F67B /* FollowUser.swift in Sources */,
				D945F8551EA7443F0059640E /* Shots.swift in Sources */,
				D99D32791EA7532C009561E3 /* CreateShot.swift in Sources */,
				D963DD441EB0795600D9F67B /* CreateLike.swift in Sources */,
				D9FB68A21EA88EFF006B2D40 /* ListAttachments.swift in Sources */,
				D98F55D01EAE28AC008C1861 /* Response.swift in Sources */,
				D974C44A1EA1F7AC00C46607 /* OAuth.swift in Sources */,
				D963DD421EB078E000D9F67B /* GetLike.swift in Sources */,
				D9FB68A61EA8908E006B2D40 /* GetAttachment.swift in Sources */,
				D974C4431EA1EC9A00C46607 /* Transformer.swift in Sources */,
				D945F84A1EA73B770059640E /* Bucket.swift in Sources */,
				D963DD4A1EB07B9600D9F67B /* GetCommentLike.swift in Sources */,
				D99D327B1EA75643009561E3 /* UpdateShot.swift in Sources */,
				D963DD3B1EB075F500D9F67B /* DeleteComment.swift in Sources */,
				D974C43A1E9FDD8700C46607 /* DribbbleKit.swift in Sources */,
				D98F55CE1EAE2479008C1861 /* Request.swift in Sources */,
				D9A22D041EAF429A00729B14 /* ListShotBuckets.swift in Sources */,
				D963DD2F1EB0719F00D9F67B /* ListShotCommentLikes.swift in Sources */,
				D963DDA91EB0C8D100D9F67B /* PaginatorRequest.swift in Sources */,
				D963DD2D1EB0706300D9F67B /* ListShotComments.swift in Sources */,
				D963DD5A1EB0836700D9F67B /* GetUserFollowing.swift in Sources */,
				D9A22CFE1EAF3B7900729B14 /* Projects.swift in Sources */,
				D963DD331EB0720000D9F67B /* Comments.swift in Sources */,
				D963DD461EB079B500D9F67B /* DeleteLike.swift in Sources */,
				D963DD391EB0758600D9F67B /* UpdateComment.swift in Sources */,
				D9A22D011EAF3D2900729B14 /* ListProjectShots.swift in Sources */,
				D990B4BB1EB324EA0086EE6C /* ListUserLikes.swift in Sources */,
				D945F83F1EA732690059640E /* User.swift in Sources */,
			);
			runOnlyForDeploymentPostprocessing = 0;
		};
		D974C4221E9FD7DE00C46607 /* Sources */ = {
			isa = PBXSourcesBuildPhase;
			buildActionMask = 2147483647;
			files = (
				D98F55D61EB249F8008C1861 /* GetBucketTests.swift in Sources */,
				D963DD601EB0900800D9F67B /* DataSet.swift in Sources */,
				D91C92141EB19939007E6933 /* ListShotLikesTests.swift in Sources */,
				D990B4C31EB3278C0086EE6C /* ListUserLikesTests.swift in Sources */,
				D963DD621EB0918100D9F67B /* RequestTests.swift in Sources */,
				D98F55DC1EB24C98008C1861 /* ListAttachmentsTests.swift in Sources */,
				D974C42C1E9FD7DE00C46607 /* DribbbleKitTests.swift in Sources */,
				D9A22CEC1EAF312300729B14 /* ShotsTests.swift in Sources */,
				D9D1ADCA1EB24FBB00CD4748 /* CommentsTests.swift in Sources */,
			);
			runOnlyForDeploymentPostprocessing = 0;
		};
/* End PBXSourcesBuildPhase section */

/* Begin PBXTargetDependency section */
		D974C4291E9FD7DE00C46607 /* PBXTargetDependency */ = {
			isa = PBXTargetDependency;
			target = D974C41C1E9FD7DE00C46607 /* DribbbleKit */;
			targetProxy = D974C4281E9FD7DE00C46607 /* PBXContainerItemProxy */;
		};
/* End PBXTargetDependency section */

/* Begin XCBuildConfiguration section */
		D974C42F1E9FD7DE00C46607 /* Debug */ = {
			isa = XCBuildConfiguration;
			buildSettings = {
				ALWAYS_SEARCH_USER_PATHS = NO;
				CLANG_ANALYZER_NONNULL = YES;
				CLANG_ANALYZER_NUMBER_OBJECT_CONVERSION = YES_AGGRESSIVE;
				CLANG_CXX_LANGUAGE_STANDARD = "gnu++0x";
				CLANG_CXX_LIBRARY = "libc++";
				CLANG_ENABLE_MODULES = YES;
				CLANG_ENABLE_OBJC_ARC = YES;
				CLANG_WARN_BOOL_CONVERSION = YES;
				CLANG_WARN_CONSTANT_CONVERSION = YES;
				CLANG_WARN_DIRECT_OBJC_ISA_USAGE = YES_ERROR;
				CLANG_WARN_DOCUMENTATION_COMMENTS = YES;
				CLANG_WARN_EMPTY_BODY = YES;
				CLANG_WARN_ENUM_CONVERSION = YES;
				CLANG_WARN_INFINITE_RECURSION = YES;
				CLANG_WARN_INT_CONVERSION = YES;
				CLANG_WARN_OBJC_ROOT_CLASS = YES_ERROR;
				CLANG_WARN_SUSPICIOUS_MOVE = YES;
				CLANG_WARN_UNREACHABLE_CODE = YES;
				CLANG_WARN__DUPLICATE_METHOD_MATCH = YES;
				"CODE_SIGN_IDENTITY[sdk=iphoneos*]" = "iPhone Developer";
				COPY_PHASE_STRIP = NO;
				CURRENT_PROJECT_VERSION = 1;
				DEBUG_INFORMATION_FORMAT = dwarf;
				ENABLE_STRICT_OBJC_MSGSEND = YES;
				ENABLE_TESTABILITY = YES;
				GCC_C_LANGUAGE_STANDARD = gnu99;
				GCC_DYNAMIC_NO_PIC = NO;
				GCC_NO_COMMON_BLOCKS = YES;
				GCC_OPTIMIZATION_LEVEL = 0;
				GCC_PREPROCESSOR_DEFINITIONS = (
					"DEBUG=1",
					"$(inherited)",
				);
				GCC_WARN_64_TO_32_BIT_CONVERSION = YES;
				GCC_WARN_ABOUT_RETURN_TYPE = YES_ERROR;
				GCC_WARN_UNDECLARED_SELECTOR = YES;
				GCC_WARN_UNINITIALIZED_AUTOS = YES_AGGRESSIVE;
				GCC_WARN_UNUSED_FUNCTION = YES;
				GCC_WARN_UNUSED_VARIABLE = YES;
				IPHONEOS_DEPLOYMENT_TARGET = 10.3;
				MTL_ENABLE_DEBUG_INFO = YES;
				ONLY_ACTIVE_ARCH = YES;
				SDKROOT = iphoneos;
				SWIFT_ACTIVE_COMPILATION_CONDITIONS = DEBUG;
				SWIFT_OPTIMIZATION_LEVEL = "-Onone";
				TARGETED_DEVICE_FAMILY = "1,2";
				VERSIONING_SYSTEM = "apple-generic";
				VERSION_INFO_PREFIX = "";
			};
			name = Debug;
		};
		D974C4301E9FD7DE00C46607 /* Release */ = {
			isa = XCBuildConfiguration;
			buildSettings = {
				ALWAYS_SEARCH_USER_PATHS = NO;
				CLANG_ANALYZER_NONNULL = YES;
				CLANG_ANALYZER_NUMBER_OBJECT_CONVERSION = YES_AGGRESSIVE;
				CLANG_CXX_LANGUAGE_STANDARD = "gnu++0x";
				CLANG_CXX_LIBRARY = "libc++";
				CLANG_ENABLE_MODULES = YES;
				CLANG_ENABLE_OBJC_ARC = YES;
				CLANG_WARN_BOOL_CONVERSION = YES;
				CLANG_WARN_CONSTANT_CONVERSION = YES;
				CLANG_WARN_DIRECT_OBJC_ISA_USAGE = YES_ERROR;
				CLANG_WARN_DOCUMENTATION_COMMENTS = YES;
				CLANG_WARN_EMPTY_BODY = YES;
				CLANG_WARN_ENUM_CONVERSION = YES;
				CLANG_WARN_INFINITE_RECURSION = YES;
				CLANG_WARN_INT_CONVERSION = YES;
				CLANG_WARN_OBJC_ROOT_CLASS = YES_ERROR;
				CLANG_WARN_SUSPICIOUS_MOVE = YES;
				CLANG_WARN_UNREACHABLE_CODE = YES;
				CLANG_WARN__DUPLICATE_METHOD_MATCH = YES;
				"CODE_SIGN_IDENTITY[sdk=iphoneos*]" = "iPhone Developer";
				COPY_PHASE_STRIP = NO;
				CURRENT_PROJECT_VERSION = 1;
				DEBUG_INFORMATION_FORMAT = "dwarf-with-dsym";
				ENABLE_NS_ASSERTIONS = NO;
				ENABLE_STRICT_OBJC_MSGSEND = YES;
				GCC_C_LANGUAGE_STANDARD = gnu99;
				GCC_NO_COMMON_BLOCKS = YES;
				GCC_WARN_64_TO_32_BIT_CONVERSION = YES;
				GCC_WARN_ABOUT_RETURN_TYPE = YES_ERROR;
				GCC_WARN_UNDECLARED_SELECTOR = YES;
				GCC_WARN_UNINITIALIZED_AUTOS = YES_AGGRESSIVE;
				GCC_WARN_UNUSED_FUNCTION = YES;
				GCC_WARN_UNUSED_VARIABLE = YES;
				IPHONEOS_DEPLOYMENT_TARGET = 10.3;
				MTL_ENABLE_DEBUG_INFO = NO;
				SDKROOT = iphoneos;
				SWIFT_OPTIMIZATION_LEVEL = "-Owholemodule";
				TARGETED_DEVICE_FAMILY = "1,2";
				VALIDATE_PRODUCT = YES;
				VERSIONING_SYSTEM = "apple-generic";
				VERSION_INFO_PREFIX = "";
			};
			name = Release;
		};
		D974C4321E9FD7DE00C46607 /* Debug */ = {
			isa = XCBuildConfiguration;
			baseConfigurationReference = AE261AF0653CAAF502FD2693 /* Pods-DribbbleKit.debug.xcconfig */;
			buildSettings = {
				CLANG_ENABLE_MODULES = YES;
				CODE_SIGN_IDENTITY = "";
				DEFINES_MODULE = YES;
				DYLIB_COMPATIBILITY_VERSION = 1;
				DYLIB_CURRENT_VERSION = 1;
				DYLIB_INSTALL_NAME_BASE = "@rpath";
				FRAMEWORK_SEARCH_PATHS = (
					"$(inherited)",
					"$(PROJECT_DIR)/Carthage/Build/iOS",
				);
				INFOPLIST_FILE = DribbbleKit/Info.plist;
				INSTALL_PATH = "$(LOCAL_LIBRARY_DIR)/Frameworks";
				LD_RUNPATH_SEARCH_PATHS = "$(inherited) @executable_path/Frameworks @loader_path/Frameworks";
				PRODUCT_BUNDLE_IDENTIFIER = jp.sora0077.DribbbleKit;
				PRODUCT_NAME = "$(TARGET_NAME)";
				SKIP_INSTALL = YES;
				SWIFT_OPTIMIZATION_LEVEL = "-Onone";
				SWIFT_VERSION = 3.0;
			};
			name = Debug;
		};
		D974C4331E9FD7DE00C46607 /* Release */ = {
			isa = XCBuildConfiguration;
			baseConfigurationReference = 89B0C9394DC757969070A564 /* Pods-DribbbleKit.release.xcconfig */;
			buildSettings = {
				CLANG_ENABLE_MODULES = YES;
				CODE_SIGN_IDENTITY = "";
				DEFINES_MODULE = YES;
				DYLIB_COMPATIBILITY_VERSION = 1;
				DYLIB_CURRENT_VERSION = 1;
				DYLIB_INSTALL_NAME_BASE = "@rpath";
				FRAMEWORK_SEARCH_PATHS = (
					"$(inherited)",
					"$(PROJECT_DIR)/Carthage/Build/iOS",
				);
				INFOPLIST_FILE = DribbbleKit/Info.plist;
				INSTALL_PATH = "$(LOCAL_LIBRARY_DIR)/Frameworks";
				LD_RUNPATH_SEARCH_PATHS = "$(inherited) @executable_path/Frameworks @loader_path/Frameworks";
				PRODUCT_BUNDLE_IDENTIFIER = jp.sora0077.DribbbleKit;
				PRODUCT_NAME = "$(TARGET_NAME)";
				SKIP_INSTALL = YES;
				SWIFT_VERSION = 3.0;
			};
			name = Release;
		};
		D974C4351E9FD7DE00C46607 /* Debug */ = {
			isa = XCBuildConfiguration;
			baseConfigurationReference = 3140A9FEF4B12652C3104FD6 /* Pods-DribbbleKitTests.debug.xcconfig */;
			buildSettings = {
				ALWAYS_EMBED_SWIFT_STANDARD_LIBRARIES = YES;
				FRAMEWORK_SEARCH_PATHS = (
					"$(inherited)",
					"$(PROJECT_DIR)/Carthage/Build/iOS",
				);
				INFOPLIST_FILE = DribbbleKitTests/Info.plist;
				LD_RUNPATH_SEARCH_PATHS = "$(inherited) @executable_path/Frameworks @loader_path/Frameworks";
				PRODUCT_BUNDLE_IDENTIFIER = jp.sora0077.DribbbleKitTests;
				PRODUCT_NAME = "$(TARGET_NAME)";
				SWIFT_VERSION = 3.0;
			};
			name = Debug;
		};
		D974C4361E9FD7DE00C46607 /* Release */ = {
			isa = XCBuildConfiguration;
			baseConfigurationReference = E2D6BB0F9B3781BB5E01A7DE /* Pods-DribbbleKitTests.release.xcconfig */;
			buildSettings = {
				ALWAYS_EMBED_SWIFT_STANDARD_LIBRARIES = YES;
				FRAMEWORK_SEARCH_PATHS = (
					"$(inherited)",
					"$(PROJECT_DIR)/Carthage/Build/iOS",
				);
				INFOPLIST_FILE = DribbbleKitTests/Info.plist;
				LD_RUNPATH_SEARCH_PATHS = "$(inherited) @executable_path/Frameworks @loader_path/Frameworks";
				PRODUCT_BUNDLE_IDENTIFIER = jp.sora0077.DribbbleKitTests;
				PRODUCT_NAME = "$(TARGET_NAME)";
				SWIFT_VERSION = 3.0;
			};
			name = Release;
		};
/* End XCBuildConfiguration section */

/* Begin XCConfigurationList section */
		D974C4171E9FD7DE00C46607 /* Build configuration list for PBXProject "DribbbleKit" */ = {
			isa = XCConfigurationList;
			buildConfigurations = (
				D974C42F1E9FD7DE00C46607 /* Debug */,
				D974C4301E9FD7DE00C46607 /* Release */,
			);
			defaultConfigurationIsVisible = 0;
			defaultConfigurationName = Release;
		};
		D974C4311E9FD7DE00C46607 /* Build configuration list for PBXNativeTarget "DribbbleKit" */ = {
			isa = XCConfigurationList;
			buildConfigurations = (
				D974C4321E9FD7DE00C46607 /* Debug */,
				D974C4331E9FD7DE00C46607 /* Release */,
			);
			defaultConfigurationIsVisible = 0;
			defaultConfigurationName = Release;
		};
		D974C4341E9FD7DE00C46607 /* Build configuration list for PBXNativeTarget "DribbbleKitTests" */ = {
			isa = XCConfigurationList;
			buildConfigurations = (
				D974C4351E9FD7DE00C46607 /* Debug */,
				D974C4361E9FD7DE00C46607 /* Release */,
			);
			defaultConfigurationIsVisible = 0;
			defaultConfigurationName = Release;
		};
/* End XCConfigurationList section */
	};
	rootObject = D974C4141E9FD7DE00C46607 /* Project object */;
}
