PODS:
  - APIKit (3.1.1):
    - Result (~> 3.0)
  - Result (3.2.1)
  - SwiftLint (0.18.1)

DEPENDENCIES:
  - APIKit
  - SwiftLint

SPEC CHECKSUMS:
  APIKit: 7460983f490d3bde6aaaaa4164d18c9865a6f91d
  Result: 2453a22e5c5b11c0c3a478736e82cd02f763b781
  SwiftLint: b467d08f5b25dc3b3cfed243d8e1b74b91714c67

PODFILE CHECKSUM: 9d285d3a2baf976868cdf6e9d05786b5918b1ef1

COCOAPODS: 1.2.1
